
Microsoft Visual Studio Solution File, Format Version 12.00
# Visual Studio Version 16
VisualStudioVersion = 16.0.29324.140
MinimumVisualStudioVersion = 10.0.40219.1
Project("{FAE04EC0-301F-11D3-BF4B-00C04F79EFBC}") = "WebAdvert.Web", "WebAdvert.Web.csproj", "{DE627546-717D-4418-97CB-C5BCCAED768F}"
EndProject
Global
	GlobalSection(SolutionConfigurationPlatforms) = preSolution
		Debug|Any CPU = Debug|Any CPU
		Release|Any CPU = Release|Any CPU
	EndGlobalSection
	GlobalSection(ProjectConfigurationPlatforms) = postSolution
		{DE627546-717D-4418-97CB-C5BCCAED768F}.Debug|Any CPU.ActiveCfg = Debug|Any CPU
		{DE627546-717D-4418-97CB-C5BCCAED768F}.Debug|Any CPU.Build.0 = Debug|Any CPU
		{DE627546-717D-4418-97CB-C5BCCAED768F}.Release|Any CPU.ActiveCfg = Release|Any CPU
		{DE627546-717D-4418-97CB-C5BCCAED768F}.Release|Any CPU.Build.0 = Release|Any CPU
	EndGlobalSection
	GlobalSection(SolutionProperties) = preSolution
		HideSolutionNode = FALSE
	EndGlobalSection
	GlobalSection(ExtensibilityGlobals) = postSolution
		SolutionGuid = {08ADF49A-A18D-4D2D-85D5-398F1643B1E1}
	EndGlobalSection
EndGlobal
